{
  "nodes": {
    "nixpkgs": {
      "locked": {
        "lastModified": 1683464100,
        "narHash": "sha256-bQEMoa7UOVgrtY8QMgQ9lQpmi5e0stWiUTz8xtg0nos=",
        "owner": "NixOS",
        "repo": "nixpkgs",
        "rev": "51f728c05759c8f8ce140396d89ab0a8ad9da9de",
        "type": "github"
      },
      "original": {
        "owner": "NixOS",
        "ref": "nixos-unstable-small",
        "repo": "nixpkgs",
        "type": "github"
      }
    },
    "root": {
      "inputs": {
        "nixpkgs": "nixpkgs"
      }
    }
  },
  "root": "root",
  "version": 7
}
