{
  "nodes": {
    "nixpkgs": {
      "locked": {
        "lastModified": 1682932822,
        "narHash": "sha256-Nsb4GEbza0v2DrUNMpJkpqz+iUbGqW/oMT13W0xHHq8=",
        "owner": "NixOS",
        "repo": "nixpkgs",
        "rev": "8663481786dc8edb406b9a75191b53fbc770dc03",
        "type": "github"
      },
      "original": {
        "owner": "NixOS",
        "ref": "nixos-unstable-small",
        "repo": "nixpkgs",
        "type": "github"
      }
    },
    "root": {
      "inputs": {
        "nixpkgs": "nixpkgs"
      }
    }
  },
  "root": "root",
  "version": 7
}
