{
  "nodes": {
    "nixpkgs": {
      "locked": {
        "lastModified": 1684049028,
        "narHash": "sha256-RF+UUgANhh4cl+Dz5n4fcuP+uHoKe3mX45zKAyBmYPU=",
        "owner": "NixOS",
        "repo": "nixpkgs",
        "rev": "3e2728f51a8ed5287f2577737c6b5505d56de3e9",
        "type": "github"
      },
      "original": {
        "owner": "NixOS",
        "ref": "nixos-unstable-small",
        "repo": "nixpkgs",
        "type": "github"
      }
    },
    "root": {
      "inputs": {
        "nixpkgs": "nixpkgs"
      }
    }
  },
  "root": "root",
  "version": 7
}
